
Microsoft Visual Studio Solution File, Format Version 12.00
# Visual Studio Version 16
VisualStudioVersion = 16.0.32802.440
MinimumVisualStudioVersion = 10.0.40219.1
Project("{FAE04EC0-301F-11D3-BF4B-00C04F79EFBC}") = "EjmploMsPage.Android", "EjmploMsPage\EjmploMsPage.Android\EjmploMsPage.Android.csproj", "{EB24F6E7-4BCF-46A1-9D6B-972905D135B1}"
EndProject
Project("{FAE04EC0-301F-11D3-BF4B-00C04F79EFBC}") = "EjmploMsPage.iOS", "EjmploMsPage\EjmploMsPage.iOS\EjmploMsPage.iOS.csproj", "{7090110E-06A9-4A08-9D63-719165D383E5}"
EndProject
Project("{FAE04EC0-301F-11D3-BF4B-00C04F79EFBC}") = "EjmploMsPage", "EjmploMsPage\EjmploMsPage\EjmploMsPage.csproj", "{7B2491CB-F109-465E-BF8B-118EE405653C}"
EndProject
Global
	GlobalSection(SolutionConfigurationPlatforms) = preSolution
		Debug|Any CPU = Debug|Any CPU
		Debug|iPhone = Debug|iPhone
		Debug|iPhoneSimulator = Debug|iPhoneSimulator
		Release|Any CPU = Release|Any CPU
		Release|iPhone = Release|iPhone
		Release|iPhoneSimulator = Release|iPhoneSimulator
	EndGlobalSection
	GlobalSection(ProjectConfigurationPlatforms) = postSolution
		{EB24F6E7-4BCF-46A1-9D6B-972905D135B1}.Debug|Any CPU.ActiveCfg = Debug|Any CPU
		{EB24F6E7-4BCF-46A1-9D6B-972905D135B1}.Debug|Any CPU.Build.0 = Debug|Any CPU
		{EB24F6E7-4BCF-46A1-9D6B-972905D135B1}.Debug|Any CPU.Deploy.0 = Debug|Any CPU
		{EB24F6E7-4BCF-46A1-9D6B-972905D135B1}.Debug|iPhone.ActiveCfg = Debug|Any CPU
		{EB24F6E7-4BCF-46A1-9D6B-972905D135B1}.Debug|iPhone.Build.0 = Debug|Any CPU
		{EB24F6E7-4BCF-46A1-9D6B-972905D135B1}.Debug|iPhone.Deploy.0 = Debug|Any CPU
		{EB24F6E7-4BCF-46A1-9D6B-972905D135B1}.Debug|iPhoneSimulator.ActiveCfg = Debug|Any CPU
		{EB24F6E7-4BCF-46A1-9D6B-972905D135B1}.Debug|iPhoneSimulator.Build.0 = Debug|Any CPU
		{EB24F6E7-4BCF-46A1-9D6B-972905D135B1}.Debug|iPhoneSimulator.Deploy.0 = Debug|Any CPU
		{EB24F6E7-4BCF-46A1-9D6B-972905D135B1}.Release|Any CPU.ActiveCfg = Release|Any CPU
		{EB24F6E7-4BCF-46A1-9D6B-972905D135B1}.Release|Any CPU.Build.0 = Release|Any CPU
		{EB24F6E7-4BCF-46A1-9D6B-972905D135B1}.Release|Any CPU.Deploy.0 = Release|Any CPU
		{EB24F6E7-4BCF-46A1-9D6B-972905D135B1}.Release|iPhone.ActiveCfg = Release|Any CPU
		{EB24F6E7-4BCF-46A1-9D6B-972905D135B1}.Release|iPhone.Build.0 = Release|Any CPU
		{EB24F6E7-4BCF-46A1-9D6B-972905D135B1}.Release|iPhone.Deploy.0 = Release|Any CPU
		{EB24F6E7-4BCF-46A1-9D6B-972905D135B1}.Release|iPhoneSimulator.ActiveCfg = Release|Any CPU
		{EB24F6E7-4BCF-46A1-9D6B-972905D135B1}.Release|iPhoneSimulator.Build.0 = Release|Any CPU
		{EB24F6E7-4BCF-46A1-9D6B-972905D135B1}.Release|iPhoneSimulator.Deploy.0 = Release|Any CPU
		{7090110E-06A9-4A08-9D63-719165D383E5}.Debug|Any CPU.ActiveCfg = Debug|iPhone
		{7090110E-06A9-4A08-9D63-719165D383E5}.Debug|Any CPU.Build.0 = Debug|iPhone
		{7090110E-06A9-4A08-9D63-719165D383E5}.Debug|Any CPU.Deploy.0 = Debug|iPhone
		{7090110E-06A9-4A08-9D63-719165D383E5}.Debug|iPhone.ActiveCfg = Debug|iPhone
		{7090110E-06A9-4A08-9D63-719165D383E5}.Debug|iPhone.Build.0 = Debug|iPhone
		{7090110E-06A9-4A08-9D63-719165D383E5}.Debug|iPhone.Deploy.0 = Debug|iPhone
		{7090110E-06A9-4A08-9D63-719165D383E5}.Debug|iPhoneSimulator.ActiveCfg = Debug|iPhoneSimulator
		{7090110E-06A9-4A08-9D63-719165D383E5}.Debug|iPhoneSimulator.Build.0 = Debug|iPhoneSimulator
		{7090110E-06A9-4A08-9D63-719165D383E5}.Debug|iPhoneSimulator.Deploy.0 = Debug|iPhoneSimulator
		{7090110E-06A9-4A08-9D63-719165D383E5}.Release|Any CPU.ActiveCfg = Release|iPhoneSimulator
		{7090110E-06A9-4A08-9D63-719165D383E5}.Release|Any CPU.Build.0 = Release|iPhoneSimulator
		{7090110E-06A9-4A08-9D63-719165D383E5}.Release|Any CPU.Deploy.0 = Release|iPhoneSimulator
		{7090110E-06A9-4A08-9D63-719165D383E5}.Release|iPhone.ActiveCfg = Release|iPhone
		{7090110E-06A9-4A08-9D63-719165D383E5}.Release|iPhone.Build.0 = Release|iPhone
		{7090110E-06A9-4A08-9D63-719165D383E5}.Release|iPhone.Deploy.0 = Release|iPhone
		{7090110E-06A9-4A08-9D63-719165D383E5}.Release|iPhoneSimulator.ActiveCfg = Release|iPhoneSimulator
		{7090110E-06A9-4A08-9D63-719165D383E5}.Release|iPhoneSimulator.Build.0 = Release|iPhoneSimulator
		{7090110E-06A9-4A08-9D63-719165D383E5}.Release|iPhoneSimulator.Deploy.0 = Release|iPhoneSimulator
		{7B2491CB-F109-465E-BF8B-118EE405653C}.Debug|Any CPU.ActiveCfg = Debug|Any CPU
		{7B2491CB-F109-465E-BF8B-118EE405653C}.Debug|Any CPU.Build.0 = Debug|Any CPU
		{7B2491CB-F109-465E-BF8B-118EE405653C}.Debug|Any CPU.Deploy.0 = Debug|Any CPU
		{7B2491CB-F109-465E-BF8B-118EE405653C}.Debug|iPhone.ActiveCfg = Debug|Any CPU
		{7B2491CB-F109-465E-BF8B-118EE405653C}.Debug|iPhone.Build.0 = Debug|Any CPU
		{7B2491CB-F109-465E-BF8B-118EE405653C}.Debug|iPhone.Deploy.0 = Debug|Any CPU
		{7B2491CB-F109-465E-BF8B-118EE405653C}.Debug|iPhoneSimulator.ActiveCfg = Debug|Any CPU
		{7B2491CB-F109-465E-BF8B-118EE405653C}.Debug|iPhoneSimulator.Build.0 = Debug|Any CPU
		{7B2491CB-F109-465E-BF8B-118EE405653C}.Debug|iPhoneSimulator.Deploy.0 = Debug|Any CPU
		{7B2491CB-F109-465E-BF8B-118EE405653C}.Release|Any CPU.ActiveCfg = Release|Any CPU
		{7B2491CB-F109-465E-BF8B-118EE405653C}.Release|Any CPU.Build.0 = Release|Any CPU
		{7B2491CB-F109-465E-BF8B-118EE405653C}.Release|Any CPU.Deploy.0 = Release|Any CPU
		{7B2491CB-F109-465E-BF8B-118EE405653C}.Release|iPhone.ActiveCfg = Release|Any CPU
		{7B2491CB-F109-465E-BF8B-118EE405653C}.Release|iPhone.Build.0 = Release|Any CPU
		{7B2491CB-F109-465E-BF8B-118EE405653C}.Release|iPhone.Deploy.0 = Release|Any CPU
		{7B2491CB-F109-465E-BF8B-118EE405653C}.Release|iPhoneSimulator.ActiveCfg = Release|Any CPU
		{7B2491CB-F109-465E-BF8B-118EE405653C}.Release|iPhoneSimulator.Build.0 = Release|Any CPU
		{7B2491CB-F109-465E-BF8B-118EE405653C}.Release|iPhoneSimulator.Deploy.0 = Release|Any CPU
	EndGlobalSection
	GlobalSection(SolutionProperties) = preSolution
		HideSolutionNode = FALSE
	EndGlobalSection
	GlobalSection(ExtensibilityGlobals) = postSolution
		SolutionGuid = {8F60CAF3-D545-45DF-BD1C-E9390973319D}
	EndGlobalSection
EndGlobal
